{
  "dependencies": {
    "nools": {
      "version": "0.4.1",
      "dependencies": {
        "declare.js": {
          "version": "0.0.8"
        },
        "extended": {
          "version": "0.0.6",
          "dependencies": {
            "extender": {
              "version": "0.0.10"
            }
          }
        },
        "is-extended": {
          "version": "0.0.10"
        },
        "string-extended": {
          "version": "0.0.8"
        },
        "array-extended": {
          "version": "0.0.11"
        },
        "date-extended": {
          "version": "0.0.6"
        },
        "function-extended": {
          "version": "0.0.9"
        },
        "object-extended": {
          "version": "0.0.7"
        },
        "promise-extended": {
          "version": "0.0.9"
        },
        "arguments-extended": {
          "version": "0.0.3"
        },
        "leafy": {
          "version": "0.0.3"
        },
        "ht": {
          "version": "0.0.2"
        },
        "commander": {
          "version": "1.1.1",
          "dependencies": {
            "keypress": {
              "version": "0.1.0"
            }
          }
        },
        "uglify-js": {
          "version": "2.3.6",
          "dependencies": {
            "async": {
              "version": "0.2.10"
            },
            "source-map": {
              "version": "0.1.43",
              "dependencies": {
                "amdefine": {
                  "version": "1.0.0"
                }
              }
            },
            "optimist": {
              "version": "0.3.7",
              "dependencies": {
                "wordwrap": {
                  "version": "0.0.3"
                }
              }
            }
          }
        }
      }
    }
  }
}
